dependencies:
  espressif/cjson:
    component_hash: e788323270d90738662d66fffa910bfe1fba019bba087f01557e70c40485b469
    dependencies:
    - name: idf
      require: private
      version: '>=5.0'
    source:
      registry_url: https://components.espressif.com
      type: service
    version: 1.7.19~2
  espressif/cmake_utilities:
    component_hash: 351350613ceafba240b761b4ea991e0f231ac7a9f59a9ee901f751bddc0bb18f
    dependencies:
    - name: idf
      require: private
      version: '>=4.1'
    source:
      registry_url: https://components.espressif.com
      type: service
    version: 0.5.3
  espressif/esp_codec_dev:
    component_hash: 4779f31a3ba3f9b38aee1afe6ccb9ba8f6108dc3a6e77d39d7d714e9a215371b
    dependencies:
    - name: idf
      require: private
      version: '>=4.0'
    source:
      registry_url: https://components.espressif.com/
      type: service
    version: 1.6.2
  espressif/esp_delta_ota:
    component_hash: 147161b602ef51e9f6649eb6d90c4d4ac3c94228cb264fa0e68be7877180462d
    dependencies:
    - name: idf
      require: private
      version: '>=4.3'
    source:
      registry_url: https://components.espressif.com
      type: service
    version: 1.1.4
  espressif/esp_encrypted_img:
    component_hash: a3d20984246263bf8f3fabb0cf5ced72e1499dcc0073fc7334646c0882fd1b3c
    dependencies:
    - name: espressif/esp_secure_cert_mgr
      registry_url: https://components.espressif.com
      require: private
      rules:
      - if: idf_version >= 5.3
      version: '>=2.5.1'
    - name: idf
      require: private
      version: '>=5.0'
    source:
      registry_url: https://components.espressif.com
      type: service
    version: 2.7.0
  espressif/esp_lcd_co5300:
    component_hash: 21f84c5c825509ebacbddb379555b49092ae165b3e19f0edfbf6f8eff8aa036d
    dependencies:
    - name: espressif/cmake_utilities
      registry_url: https://components.espressif.com
      require: private
      version: 0.*
    - name: idf
      require: private
      version: '>=5.4'
    source:
      registry_url: https://components.espressif.com/
      type: service
    version: 2.1.0
  espressif/esp_matter:
    component_hash: f09f5dea282aa63b004ac372dd39087b6755fc26153921fab6e2bfb99d7ab681
    dependencies:
    - name: espressif/cjson
      registry_url: https://components.espressif.com
      require: private
      version: ^1.7.19
    - name: espressif/esp_delta_ota
      registry_url: https://components.espressif.com
      require: private
      rules:
      - if: idf_version >=4.3
      version: ^1.1.0
    - name: espressif/esp_encrypted_img
      registry_url: https://components.espressif.com
      require: private
      rules:
      - if: idf_version >=4.4
      version: 2.7.0
    - name: espressif/esp_hosted
      registry_url: https://components.espressif.com
      require: private
      rules:
      - if: target in [esp32p4]
      version: ~2.7.0
    - name: espressif/esp_secure_cert_mgr
      registry_url: https://components.espressif.com
      require: private
      rules:
      - if: idf_version >=4.3
      version: ^2.5.0
    - name: espressif/esp_wifi_remote
      registry_url: https://components.espressif.com
      require: private
      rules:
      - if: target in [esp32p4]
      version: ^0.7.0
    - name: espressif/mdns
      registry_url: https://components.espressif.com
      require: private
      rules:
      - if: idf_version >=5.0
      version: ^1.1.0
    source:
      registry_url: https://components.espressif.com/
      type: service
    version: 1.6.0
  espressif/esp_secure_cert_mgr:
    component_hash: 0b83e150f48d6839f0a0a8753850be55a51cc298cfca7658f21d355d5f41dd67
    dependencies:
    - name: idf
      require: private
      version: '>=4.3'
    source:
      registry_url: https://components.espressif.com
      type: service
    version: 2.9.3
  espressif/mdns:
    component_hash: e81ca7a7f53ea34e78274df054da692c272e1315572876b237b1748e267c013b
    dependencies:
    - name: idf
      require: private
      version: '>=5.0'
    source:
      registry_url: https://components.espressif.com
      type: service
    version: 1.11.3
  idf:
    source:
      type: idf
    version: 5.5.5
direct_dependencies:
- espressif/esp_codec_dev
- espressif/esp_lcd_co5300
- espressif/esp_matter
manifest_hash: d4f4e94b1300cd99f986f18fe0eb508329dfd992a1d01fe041b8a823db1758bd
target: esp32s3
version: 2.0.0
